
Microsoft Visual Studio Solution File, Format Version 12.00
# Visual Studio 15
Project("{FAE04EC0-301F-11D3-BF4B-00C04F79EFBC}") = "Assembly-CSharp", "Assembly-CSharp.csproj", "{FAD74C08-0551-2B2A-EC06-FF6C4EF3CC6B}"
EndProject
Project("{FAE04EC0-301F-11D3-BF4B-00C04F79EFBC}") = "Unity.XR.Interaction.Toolkit.Samples.StarterAssets", "Unity.XR.Interaction.Toolkit.Samples.StarterAssets.csproj", "{E996A5F4-8783-2D4D-9791-612F2A2B015C}"
EndProject
Project("{FAE04EC0-301F-11D3-BF4B-00C04F79EFBC}") = "Unity.XR.Interaction.Toolkit.Samples.Hands", "Unity.XR.Interaction.Toolkit.Samples.Hands.csproj", "{3852384D-C155-34EC-5220-DA5935B5C05E}"
EndProject
Project("{FAE04EC0-301F-11D3-BF4B-00C04F79EFBC}") = "Assembly-CSharp-Editor", "Assembly-CSharp-Editor.csproj", "{F3E42823-A72D-5724-4F3C-66AD556348EB}"
EndProject
Project("{FAE04EC0-301F-11D3-BF4B-00C04F79EFBC}") = "Unity.XR.Interaction.Toolkit.Samples.Hands.Editor", "Unity.XR.Interaction.Toolkit.Samples.Hands.Editor.csproj", "{125A4809-8E9C-CF2D-559C-3B3B32E13BD1}"
EndProject
Project("{FAE04EC0-301F-11D3-BF4B-00C04F79EFBC}") = "Unity.XR.Hands.Samples.VisualizerSample", "Unity.XR.Hands.Samples.VisualizerSample.csproj", "{8D0C8271-C062-651D-52AC-027E7170356F}"
EndProject
Project("{FAE04EC0-301F-11D3-BF4B-00C04F79EFBC}") = "Unity.XR.Interaction.Toolkit.Samples.StarterAssets.Editor", "Unity.XR.Interaction.Toolkit.Samples.StarterAssets.Editor.csproj", "{9EE66014-42B2-8930-35A9-906347EF7711}"
EndProject
Global
	GlobalSection(SolutionConfigurationPlatforms) = preSolution
		Debug|Any CPU = Debug|Any CPU
		Release|Any CPU = Release|Any CPU
	EndGlobalSection
	GlobalSection(ProjectConfigurationPlatforms) = postSolution
		{FAD74C08-0551-2B2A-EC06-FF6C4EF3CC6B}.Debug|Any CPU.ActiveCfg = Debug|Any CPU
		{FAD74C08-0551-2B2A-EC06-FF6C4EF3CC6B}.Debug|Any CPU.Build.0 = Debug|Any CPU
		{FAD74C08-0551-2B2A-EC06-FF6C4EF3CC6B}.Release|Any CPU.ActiveCfg = Release|Any CPU
		{FAD74C08-0551-2B2A-EC06-FF6C4EF3CC6B}.Release|Any CPU.Build.0 = Release|Any CPU
		{E996A5F4-8783-2D4D-9791-612F2A2B015C}.Debug|Any CPU.ActiveCfg = Debug|Any CPU
		{E996A5F4-8783-2D4D-9791-612F2A2B015C}.Debug|Any CPU.Build.0 = Debug|Any CPU
		{E996A5F4-8783-2D4D-9791-612F2A2B015C}.Release|Any CPU.ActiveCfg = Release|Any CPU
		{E996A5F4-8783-2D4D-9791-612F2A2B015C}.Release|Any CPU.Build.0 = Release|Any CPU
		{3852384D-C155-34EC-5220-DA5935B5C05E}.Debug|Any CPU.ActiveCfg = Debug|Any CPU
		{3852384D-C155-34EC-5220-DA5935B5C05E}.Debug|Any CPU.Build.0 = Debug|Any CPU
		{3852384D-C155-34EC-5220-DA5935B5C05E}.Release|Any CPU.ActiveCfg = Release|Any CPU
		{3852384D-C155-34EC-5220-DA5935B5C05E}.Release|Any CPU.Build.0 = Release|Any CPU
		{F3E42823-A72D-5724-4F3C-66AD556348EB}.Debug|Any CPU.ActiveCfg = Debug|Any CPU
		{F3E42823-A72D-5724-4F3C-66AD556348EB}.Debug|Any CPU.Build.0 = Debug|Any CPU
		{F3E42823-A72D-5724-4F3C-66AD556348EB}.Release|Any CPU.ActiveCfg = Release|Any CPU
		{F3E42823-A72D-5724-4F3C-66AD556348EB}.Release|Any CPU.Build.0 = Release|Any CPU
		{125A4809-8E9C-CF2D-559C-3B3B32E13BD1}.Debug|Any CPU.ActiveCfg = Debug|Any CPU
		{125A4809-8E9C-CF2D-559C-3B3B32E13BD1}.Debug|Any CPU.Build.0 = Debug|Any CPU
		{125A4809-8E9C-CF2D-559C-3B3B32E13BD1}.Release|Any CPU.ActiveCfg = Release|Any CPU
		{125A4809-8E9C-CF2D-559C-3B3B32E13BD1}.Release|Any CPU.Build.0 = Release|Any CPU
		{8D0C8271-C062-651D-52AC-027E7170356F}.Debug|Any CPU.ActiveCfg = Debug|Any CPU
		{8D0C8271-C062-651D-52AC-027E7170356F}.Debug|Any CPU.Build.0 = Debug|Any CPU
		{8D0C8271-C062-651D-52AC-027E7170356F}.Release|Any CPU.ActiveCfg = Release|Any CPU
		{8D0C8271-C062-651D-52AC-027E7170356F}.Release|Any CPU.Build.0 = Release|Any CPU
		{9EE66014-42B2-8930-35A9-906347EF7711}.Debug|Any CPU.ActiveCfg = Debug|Any CPU
		{9EE66014-42B2-8930-35A9-906347EF7711}.Debug|Any CPU.Build.0 = Debug|Any CPU
		{9EE66014-42B2-8930-35A9-906347EF7711}.Release|Any CPU.ActiveCfg = Release|Any CPU
		{9EE66014-42B2-8930-35A9-906347EF7711}.Release|Any CPU.Build.0 = Release|Any CPU
	EndGlobalSection
	GlobalSection(SolutionProperties) = preSolution
		HideSolutionNode = FALSE
	EndGlobalSection
EndGlobal
